// !$*UTF8*$!
{
	archiveVersion = 1;
	classes = {
	};
	objectVersion = 51;
	objects = {

/* Begin PBXBuildFile section */
		993E4703334294DED3D60415 /* Pods_FootballCamps.framework in Frameworks */ = {isa = PBXBuildFile; fileRef = A0B505D0C45E94DE853FB522 /* Pods_FootballCamps.framework */; };
		CB85327123DC170111A903C4 /* Pods_FootballCampsTests.framework in Frameworks */ = {isa = PBXBuildFile; fileRef = E64A95F94CCD21158B3E8C62 /* Pods_FootballCampsTests.framework */; };
		E42134752351DCE700FA0BFD /* ClubTableViewCell.xib in Resources */ = {isa = PBXBuildFile; fileRef = E42134742351DCE700FA0BFD /* ClubTableViewCell.xib */; };
		E42134772351E09C00FA0BFD /* ClubTableViewCell.swift in Sources */ = {isa = PBXBuildFile; fileRef = E42134762351E09C00FA0BFD /* ClubTableViewCell.swift */; };
		E42134832351E50300FA0BFD /* RequestManager.swift in Sources */ = {isa = PBXBuildFile; fileRef = E421347E2351E50300FA0BFD /* RequestManager.swift */; };
		E42134842351E50300FA0BFD /* Constants.swift in Sources */ = {isa = PBXBuildFile; fileRef = E421347F2351E50300FA0BFD /* Constants.swift */; };
		E42134852351E50300FA0BFD /* Providers.swift in Sources */ = {isa = PBXBuildFile; fileRef = E42134802351E50300FA0BFD /* Providers.swift */; };
		E42134862351E50300FA0BFD /* ClubService.swift in Sources */ = {isa = PBXBuildFile; fileRef = E42134812351E50300FA0BFD /* ClubService.swift */; };
		E42134872351E50300FA0BFD /* APIResult.swift in Sources */ = {isa = PBXBuildFile; fileRef = E42134822351E50300FA0BFD /* APIResult.swift */; };
		E421348C2351F68500FA0BFD /* Club.swift in Sources */ = {isa = PBXBuildFile; fileRef = E421348B2351F68500FA0BFD /* Club.swift */; };
		E421349223520A1100FA0BFD /* ClubViewModel.swift in Sources */ = {isa = PBXBuildFile; fileRef = E421349123520A1100FA0BFD /* ClubViewModel.swift */; };
		E48861B62351F8070064F80D /* Extension+UITableViewCell.swift in Sources */ = {isa = PBXBuildFile; fileRef = E48861B52351F8070064F80D /* Extension+UITableViewCell.swift */; };
		E48861B82351F90C0064F80D /* Reusable.swift in Sources */ = {isa = PBXBuildFile; fileRef = E48861B72351F90C0064F80D /* Reusable.swift */; };
		E493B91C2351D53300DE83A6 /* AppDelegate.swift in Sources */ = {isa = PBXBuildFile; fileRef = E493B91B2351D53300DE83A6 /* AppDelegate.swift */; };
		E493B91E2351D53300DE83A6 /* SceneDelegate.swift in Sources */ = {isa = PBXBuildFile; fileRef = E493B91D2351D53300DE83A6 /* SceneDelegate.swift */; };
		E493B9202351D53300DE83A6 /* ClubListViewController.swift in Sources */ = {isa = PBXBuildFile; fileRef = E493B91F2351D53300DE83A6 /* ClubListViewController.swift */; };
		E493B9232351D53300DE83A6 /* Main.storyboard in Resources */ = {isa = PBXBuildFile; fileRef = E493B9212351D53300DE83A6 /* Main.storyboard */; };
		E493B9252351D53600DE83A6 /* Assets.xcassets in Resources */ = {isa = PBXBuildFile; fileRef = E493B9242351D53600DE83A6 /* Assets.xcassets */; };
		E493B9282351D53600DE83A6 /* LaunchScreen.storyboard in Resources */ = {isa = PBXBuildFile; fileRef = E493B9262351D53600DE83A6 /* LaunchScreen.storyboard */; };
		E493B9332351D53600DE83A6 /* FootballCampsTests.swift in Sources */ = {isa = PBXBuildFile; fileRef = E493B9322351D53600DE83A6 /* FootballCampsTests.swift */; };
		E493B93E2351DB6800DE83A6 /* ClubDetailsViewController.swift in Sources */ = {isa = PBXBuildFile; fileRef = E493B93D2351DB6800DE83A6 /* ClubDetailsViewController.swift */; };
		E4FA029B23521239007F0785 /* ClubManager.swift in Sources */ = {isa = PBXBuildFile; fileRef = E4FA029A23521239007F0785 /* ClubManager.swift */; };
		E4FA02A123521786007F0785 /* Extension+UIImage.swift in Sources */ = {isa = PBXBuildFile; fileRef = E4FA029F23521786007F0785 /* Extension+UIImage.swift */; };
		E4FA02A32352180D007F0785 /* Extension+UIViewController.swift in Sources */ = {isa = PBXBuildFile; fileRef = E4FA02A22352180C007F0785 /* Extension+UIViewController.swift */; };
		E4FA02A823521BA1007F0785 /* Coordinator.swift in Sources */ = {isa = PBXBuildFile; fileRef = E4FA02A723521BA1007F0785 /* Coordinator.swift */; };
		E4FA02AA23521BBD007F0785 /* Storyboarded.swift in Sources */ = {isa = PBXBuildFile; fileRef = E4FA02A923521BBD007F0785 /* Storyboarded.swift */; };
		E4FA02AC23521BD7007F0785 /* MainCoordinator.swift in Sources */ = {isa = PBXBuildFile; fileRef = E4FA02AB23521BD7007F0785 /* MainCoordinator.swift */; };
		E4FA02B023522CE4007F0785 /* Helper.swift in Sources */ = {isa = PBXBuildFile; fileRef = E4FA02AF23522CE4007F0785 /* Helper.swift */; };
/* End PBXBuildFile section */

/* Begin PBXContainerItemProxy section */
		E493B92F2351D53600DE83A6 /* PBXContainerItemProxy */ = {
			isa = PBXContainerItemProxy;
			containerPortal = E493B9102351D53300DE83A6 /* Project object */;
			proxyType = 1;
			remoteGlobalIDString = E493B9172351D53300DE83A6;
			remoteInfo = FootballCamps;
		};
/* End PBXContainerItemProxy section */

/* Begin PBXFileReference section */
		07AD80AA0D70C0190F1B19DF /* Pods-FootballCamps.debug.xcconfig */ = {isa = PBXFileReference; includeInIndex = 1; lastKnownFileType = text.xcconfig; name = "Pods-FootballCamps.debug.xcconfig"; path = "Target Support Files/Pods-FootballCamps/Pods-FootballCamps.debug.xcconfig"; sourceTree = "<group>"; };
		4C5878FCE4AD6850C9FD738C /* Pods-FootballCamps.release.xcconfig */ = {isa = PBXFileReference; includeInIndex = 1; lastKnownFileType = text.xcconfig; name = "Pods-FootballCamps.release.xcconfig"; path = "Target Support Files/Pods-FootballCamps/Pods-FootballCamps.release.xcconfig"; sourceTree = "<group>"; };
		63BD34257719DC549D85BD07 /* Pods-FootballCampsTests.debug.xcconfig */ = {isa = PBXFileReference; includeInIndex = 1; lastKnownFileType = text.xcconfig; name = "Pods-FootballCampsTests.debug.xcconfig"; path = "Target Support Files/Pods-FootballCampsTests/Pods-FootballCampsTests.debug.xcconfig"; sourceTree = "<group>"; };
		87C655404C9A57FC82A3D017 /* Pods-FootballCampsTests.release.xcconfig */ = {isa = PBXFileReference; includeInIndex = 1; lastKnownFileType = text.xcconfig; name = "Pods-FootballCampsTests.release.xcconfig"; path = "Target Support Files/Pods-FootballCampsTests/Pods-FootballCampsTests.release.xcconfig"; sourceTree = "<group>"; };
		A0B505D0C45E94DE853FB522 /* Pods_FootballCamps.framework */ = {isa = PBXFileReference; explicitFileType = wrapper.framework; includeInIndex = 0; path = Pods_FootballCamps.framework; sourceTree = BUILT_PRODUCTS_DIR; };
		E42134742351DCE700FA0BFD /* ClubTableViewCell.xib */ = {isa = PBXFileReference; lastKnownFileType = file.xib; path = ClubTableViewCell.xib; sourceTree = "<group>"; };
		E42134762351E09C00FA0BFD /* ClubTableViewCell.swift */ = {isa = PBXFileReference; lastKnownFileType = sourcecode.swift; path = ClubTableViewCell.swift; sourceTree = "<group>"; };
		E421347E2351E50300FA0BFD /* RequestManager.swift */ = {isa = PBXFileReference; fileEncoding = 4; lastKnownFileType = sourcecode.swift; path = RequestManager.swift; sourceTree = "<group>"; };
		E421347F2351E50300FA0BFD /* Constants.swift */ = {isa = PBXFileReference; fileEncoding = 4; lastKnownFileType = sourcecode.swift; path = Constants.swift; sourceTree = "<group>"; };
		E42134802351E50300FA0BFD /* Providers.swift */ = {isa = PBXFileReference; fileEncoding = 4; lastKnownFileType = sourcecode.swift; path = Providers.swift; sourceTree = "<group>"; };
		E42134812351E50300FA0BFD /* ClubService.swift */ = {isa = PBXFileReference; fileEncoding = 4; lastKnownFileType = sourcecode.swift; path = ClubService.swift; sourceTree = "<group>"; };
		E42134822351E50300FA0BFD /* APIResult.swift */ = {isa = PBXFileReference; fileEncoding = 4; lastKnownFileType = sourcecode.swift; path = APIResult.swift; sourceTree = "<group>"; };
		E421348B2351F68500FA0BFD /* Club.swift */ = {isa = PBXFileReference; lastKnownFileType = sourcecode.swift; path = Club.swift; sourceTree = "<group>"; };
		E421349123520A1100FA0BFD /* ClubViewModel.swift */ = {isa = PBXFileReference; lastKnownFileType = sourcecode.swift; path = ClubViewModel.swift; sourceTree = "<group>"; };
		E48861B52351F8070064F80D /* Extension+UITableViewCell.swift */ = {isa = PBXFileReference; lastKnownFileType = sourcecode.swift; path = "Extension+UITableViewCell.swift"; sourceTree = "<group>"; };
		E48861B72351F90C0064F80D /* Reusable.swift */ = {isa = PBXFileReference; lastKnownFileType = sourcecode.swift; path = Reusable.swift; sourceTree = "<group>"; };
		E493B9182351D53300DE83A6 /* FootballCamps.app */ = {isa = PBXFileReference; explicitFileType = wrapper.application; includeInIndex = 0; path = FootballCamps.app; sourceTree = BUILT_PRODUCTS_DIR; };
		E493B91B2351D53300DE83A6 /* AppDelegate.swift */ = {isa = PBXFileReference; lastKnownFileType = sourcecode.swift; path = AppDelegate.swift; sourceTree = "<group>"; };
		E493B91D2351D53300DE83A6 /* SceneDelegate.swift */ = {isa = PBXFileReference; lastKnownFileType = sourcecode.swift; path = SceneDelegate.swift; sourceTree = "<group>"; };
		E493B91F2351D53300DE83A6 /* ClubListViewController.swift */ = {isa = PBXFileReference; lastKnownFileType = sourcecode.swift; path = ClubListViewController.swift; sourceTree = "<group>"; };
		E493B9222351D53300DE83A6 /* Base */ = {isa = PBXFileReference; lastKnownFileType = file.storyboard; name = Base; path = Base.lproj/Main.storyboard; sourceTree = "<group>"; };
		E493B9242351D53600DE83A6 /* Assets.xcassets */ = {isa = PBXFileReference; lastKnownFileType = folder.assetcatalog; path = Assets.xcassets; sourceTree = "<group>"; };
		E493B9272351D53600DE83A6 /* Base */ = {isa = PBXFileReference; lastKnownFileType = file.storyboard; name = Base; path = Base.lproj/LaunchScreen.storyboard; sourceTree = "<group>"; };
		E493B9292351D53600DE83A6 /* Info.plist */ = {isa = PBXFileReference; lastKnownFileType = text.plist.xml; path = Info.plist; sourceTree = "<group>"; };
		E493B92E2351D53600DE83A6 /* FootballCampsTests.xctest */ = {isa = PBXFileReference; explicitFileType = wrapper.cfbundle; includeInIndex = 0; path = FootballCampsTests.xctest; sourceTree = BUILT_PRODUCTS_DIR; };
		E493B9322351D53600DE83A6 /* FootballCampsTests.swift */ = {isa = PBXFileReference; lastKnownFileType = sourcecode.swift; path = FootballCampsTests.swift; sourceTree = "<group>"; };
		E493B9342351D53600DE83A6 /* Info.plist */ = {isa = PBXFileReference; lastKnownFileType = text.plist.xml; path = Info.plist; sourceTree = "<group>"; };
		E493B93D2351DB6800DE83A6 /* ClubDetailsViewController.swift */ = {isa = PBXFileReference; lastKnownFileType = sourcecode.swift; path = ClubDetailsViewController.swift; sourceTree = "<group>"; };
		E4FA029A23521239007F0785 /* ClubManager.swift */ = {isa = PBXFileReference; lastKnownFileType = sourcecode.swift; path = ClubManager.swift; sourceTree = "<group>"; };
		E4FA029F23521786007F0785 /* Extension+UIImage.swift */ = {isa = PBXFileReference; fileEncoding = 4; lastKnownFileType = sourcecode.swift; path = "Extension+UIImage.swift"; sourceTree = "<group>"; };
		E4FA02A22352180C007F0785 /* Extension+UIViewController.swift */ = {isa = PBXFileReference; fileEncoding = 4; lastKnownFileType = sourcecode.swift; path = "Extension+UIViewController.swift"; sourceTree = "<group>"; };
		E4FA02A723521BA1007F0785 /* Coordinator.swift */ = {isa = PBXFileReference; lastKnownFileType = sourcecode.swift; path = Coordinator.swift; sourceTree = "<group>"; };
		E4FA02A923521BBD007F0785 /* Storyboarded.swift */ = {isa = PBXFileReference; lastKnownFileType = sourcecode.swift; path = Storyboarded.swift; sourceTree = "<group>"; };
		E4FA02AB23521BD7007F0785 /* MainCoordinator.swift */ = {isa = PBXFileReference; lastKnownFileType = sourcecode.swift; path = MainCoordinator.swift; sourceTree = "<group>"; };
		E4FA02AF23522CE4007F0785 /* Helper.swift */ = {isa = PBXFileReference; lastKnownFileType = sourcecode.swift; path = Helper.swift; sourceTree = "<group>"; };
		E64A95F94CCD21158B3E8C62 /* Pods_FootballCampsTests.framework */ = {isa = PBXFileReference; explicitFileType = wrapper.framework; includeInIndex = 0; path = Pods_FootballCampsTests.framework; sourceTree = BUILT_PRODUCTS_DIR; };
/* End PBXFileReference section */

/* Begin PBXFrameworksBuildPhase section */
		E493B9152351D53300DE83A6 /* Frameworks */ = {
			isa = PBXFrameworksBuildPhase;
			buildActionMask = 2147483647;
			files = (
				993E4703334294DED3D60415 /* Pods_FootballCamps.framework in Frameworks */,
			);
			runOnlyForDeploymentPostprocessing = 0;
		};
		E493B92B2351D53600DE83A6 /* Frameworks */ = {
			isa = PBXFrameworksBuildPhase;
			buildActionMask = 2147483647;
			files = (
				CB85327123DC170111A903C4 /* Pods_FootballCampsTests.framework in Frameworks */,
			);
			runOnlyForDeploymentPostprocessing = 0;
		};
/* End PBXFrameworksBuildPhase section */

/* Begin PBXGroup section */
		01E62678732BDD6A77E9753A /* Pods */ = {
			isa = PBXGroup;
			children = (
				07AD80AA0D70C0190F1B19DF /* Pods-FootballCamps.debug.xcconfig */,
				4C5878FCE4AD6850C9FD738C /* Pods-FootballCamps.release.xcconfig */,
				63BD34257719DC549D85BD07 /* Pods-FootballCampsTests.debug.xcconfig */,
				87C655404C9A57FC82A3D017 /* Pods-FootballCampsTests.release.xcconfig */,
			);
			path = Pods;
			sourceTree = "<group>";
		};
		0C552CA6A5262CEC64542C4C /* Frameworks */ = {
			isa = PBXGroup;
			children = (
				A0B505D0C45E94DE853FB522 /* Pods_FootballCamps.framework */,
				E64A95F94CCD21158B3E8C62 /* Pods_FootballCampsTests.framework */,
			);
			name = Frameworks;
			sourceTree = "<group>";
		};
		E42134782351E21800FA0BFD /* ViewControllers */ = {
			isa = PBXGroup;
			children = (
				E493B91F2351D53300DE83A6 /* ClubListViewController.swift */,
				E493B93D2351DB6800DE83A6 /* ClubDetailsViewController.swift */,
			);
			path = ViewControllers;
			sourceTree = "<group>";
		};
		E42134792351E22600FA0BFD /* AppDelegates */ = {
			isa = PBXGroup;
			children = (
				E493B91B2351D53300DE83A6 /* AppDelegate.swift */,
				E493B91D2351D53300DE83A6 /* SceneDelegate.swift */,
			);
			path = AppDelegates;
			sourceTree = "<group>";
		};
		E421347A2351E23C00FA0BFD /* Storyboards */ = {
			isa = PBXGroup;
			children = (
				E493B9212351D53300DE83A6 /* Main.storyboard */,
				E493B9262351D53600DE83A6 /* LaunchScreen.storyboard */,
			);
			path = Storyboards;
			sourceTree = "<group>";
		};
		E421347B2351E24F00FA0BFD /* Views */ = {
			isa = PBXGroup;
			children = (
				E42134742351DCE700FA0BFD /* ClubTableViewCell.xib */,
				E42134762351E09C00FA0BFD /* ClubTableViewCell.swift */,
			);
			path = Views;
			sourceTree = "<group>";
		};
		E421347C2351E26C00FA0BFD /* Assets */ = {
			isa = PBXGroup;
			children = (
				E493B9242351D53600DE83A6 /* Assets.xcassets */,
			);
			path = Assets;
			sourceTree = "<group>";
		};
		E421347D2351E4B600FA0BFD /* NetworkConfig */ = {
			isa = PBXGroup;
			children = (
				E42134822351E50300FA0BFD /* APIResult.swift */,
				E421347F2351E50300FA0BFD /* Constants.swift */,
				E42134812351E50300FA0BFD /* ClubService.swift */,
				E42134802351E50300FA0BFD /* Providers.swift */,
				E421347E2351E50300FA0BFD /* RequestManager.swift */,
				E4FA029A23521239007F0785 /* ClubManager.swift */,
			);
			path = NetworkConfig;
			sourceTree = "<group>";
		};
		E42134882351F5D400FA0BFD /* Models */ = {
			isa = PBXGroup;
			children = (
				E421348B2351F68500FA0BFD /* Club.swift */,
			);
			path = Models;
			sourceTree = "<group>";
		};
		E4213490235209FB00FA0BFD /* ViewModels */ = {
			isa = PBXGroup;
			children = (
				E421349123520A1100FA0BFD /* ClubViewModel.swift */,
			);
			path = ViewModels;
			sourceTree = "<group>";
		};
		E493B90F2351D53300DE83A6 = {
			isa = PBXGroup;
			children = (
				E493B91A2351D53300DE83A6 /* FootballCamps */,
				E493B9312351D53600DE83A6 /* FootballCampsTests */,
				E493B9192351D53300DE83A6 /* Products */,
				01E62678732BDD6A77E9753A /* Pods */,
				0C552CA6A5262CEC64542C4C /* Frameworks */,
			);
			sourceTree = "<group>";
		};
		E493B9192351D53300DE83A6 /* Products */ = {
			isa = PBXGroup;
			children = (
				E493B9182351D53300DE83A6 /* FootballCamps.app */,
				E493B92E2351D53600DE83A6 /* FootballCampsTests.xctest */,
			);
			name = Products;
			sourceTree = "<group>";
		};
		E493B91A2351D53300DE83A6 /* FootballCamps */ = {
			isa = PBXGroup;
			children = (
				E421347D2351E4B600FA0BFD /* NetworkConfig */,
				E42134782351E21800FA0BFD /* ViewControllers */,
				E421347A2351E23C00FA0BFD /* Storyboards */,
				E4213490235209FB00FA0BFD /* ViewModels */,
				E4FA02A423521832007F0785 /* Extensions */,
				E4FA02A523521849007F0785 /* Protocols */,
				E42134882351F5D400FA0BFD /* Models */,
				E421347B2351E24F00FA0BFD /* Views */,
				E42134792351E22600FA0BFD /* AppDelegates */,
				E421347C2351E26C00FA0BFD /* Assets */,
				E4FA02A623521B8D007F0785 /* Coordinator */,
				E493B9292351D53600DE83A6 /* Info.plist */,
			);
			path = FootballCamps;
			sourceTree = "<group>";
		};
		E493B9312351D53600DE83A6 /* FootballCampsTests */ = {
			isa = PBXGroup;
			children = (
				E493B9322351D53600DE83A6 /* FootballCampsTests.swift */,
				E493B9342351D53600DE83A6 /* Info.plist */,
			);
			path = FootballCampsTests;
			sourceTree = "<group>";
		};
		E4FA02A423521832007F0785 /* Extensions */ = {
			isa = PBXGroup;
			children = (
				E48861B52351F8070064F80D /* Extension+UITableViewCell.swift */,
				E4FA029F23521786007F0785 /* Extension+UIImage.swift */,
				E4FA02A22352180C007F0785 /* Extension+UIViewController.swift */,
			);
			path = Extensions;
			sourceTree = "<group>";
		};
		E4FA02A523521849007F0785 /* Protocols */ = {
			isa = PBXGroup;
			children = (
				E4FA02A723521BA1007F0785 /* Coordinator.swift */,
				E4FA02A923521BBD007F0785 /* Storyboarded.swift */,
				E48861B72351F90C0064F80D /* Reusable.swift */,
			);
			path = Protocols;
			sourceTree = "<group>";
		};
		E4FA02A623521B8D007F0785 /* Coordinator */ = {
			isa = PBXGroup;
			children = (
				E4FA02AB23521BD7007F0785 /* MainCoordinator.swift */,
				E4FA02AF23522CE4007F0785 /* Helper.swift */,
			);
			path = Coordinator;
			sourceTree = "<group>";
		};
/* End PBXGroup section */

/* Begin PBXNativeTarget section */
		E493B9172351D53300DE83A6 /* FootballCamps */ = {
			isa = PBXNativeTarget;
			buildConfigurationList = E493B9372351D53600DE83A6 /* Build configuration list for PBXNativeTarget "FootballCamps" */;
			buildPhases = (
				85425933DA43B29ADF5731D3 /* [CP] Check Pods Manifest.lock */,
				E493B9142351D53300DE83A6 /* Sources */,
				E493B9152351D53300DE83A6 /* Frameworks */,
				E493B9162351D53300DE83A6 /* Resources */,
				6C7AEE4C1E12371679A539D7 /* [CP] Embed Pods Frameworks */,
			);
			buildRules = (
			);
			dependencies = (
			);
			name = FootballCamps;
			productName = FootballCamps;
			productReference = E493B9182351D53300DE83A6 /* FootballCamps.app */;
			productType = "com.apple.product-type.application";
		};
		E493B92D2351D53600DE83A6 /* FootballCampsTests */ = {
			isa = PBXNativeTarget;
			buildConfigurationList = E493B93A2351D53600DE83A6 /* Build configuration list for PBXNativeTarget "FootballCampsTests" */;
			buildPhases = (
				29AF678CB3A122D4293092DB /* [CP] Check Pods Manifest.lock */,
				E493B92A2351D53600DE83A6 /* Sources */,
				E493B92B2351D53600DE83A6 /* Frameworks */,
				E493B92C2351D53600DE83A6 /* Resources */,
			);
			buildRules = (
			);
			dependencies = (
				E493B9302351D53600DE83A6 /* PBXTargetDependency */,
			);
			name = FootballCampsTests;
			productName = FootballCampsTests;
			productReference = E493B92E2351D53600DE83A6 /* FootballCampsTests.xctest */;
			productType = "com.apple.product-type.bundle.unit-test";
		};
/* End PBXNativeTarget section */

/* Begin PBXProject section */
		E493B9102351D53300DE83A6 /* Project object */ = {
			isa = PBXProject;
			attributes = {
				LastSwiftUpdateCheck = 1110;
				LastUpgradeCheck = 1110;
				ORGANIZATIONNAME = "Shayan Ali";
				TargetAttributes = {
					E493B9172351D53300DE83A6 = {
						CreatedOnToolsVersion = 11.1;
					};
					E493B92D2351D53600DE83A6 = {
						CreatedOnToolsVersion = 11.1;
						TestTargetID = E493B9172351D53300DE83A6;
					};
				};
			};
			buildConfigurationList = E493B9132351D53300DE83A6 /* Build configuration list for PBXProject "FootballCamps" */;
			compatibilityVersion = "Xcode 9.3";
			developmentRegion = en;
			hasScannedForEncodings = 0;
			knownRegions = (
				en,
				Base,
			);
			mainGroup = E493B90F2351D53300DE83A6;
			productRefGroup = E493B9192351D53300DE83A6 /* Products */;
			projectDirPath = "";
			projectRoot = "";
			targets = (
				E493B9172351D53300DE83A6 /* FootballCamps */,
				E493B92D2351D53600DE83A6 /* FootballCampsTests */,
			);
		};
/* End PBXProject section */

/* Begin PBXResourcesBuildPhase section */
		E493B9162351D53300DE83A6 /* Resources */ = {
			isa = PBXResourcesBuildPhase;
			buildActionMask = 2147483647;
			files = (
				E493B9282351D53600DE83A6 /* LaunchScreen.storyboard in Resources */,
				E493B9252351D53600DE83A6 /* Assets.xcassets in Resources */,
				E493B9232351D53300DE83A6 /* Main.storyboard in Resources */,
				E42134752351DCE700FA0BFD /* ClubTableViewCell.xib in Resources */,
			);
			runOnlyForDeploymentPostprocessing = 0;
		};
		E493B92C2351D53600DE83A6 /* Resources */ = {
			isa = PBXResourcesBuildPhase;
			buildActionMask = 2147483647;
			files = (
			);
			runOnlyForDeploymentPostprocessing = 0;
		};
/* End PBXResourcesBuildPhase section */

/* Begin PBXShellScriptBuildPhase section */
		29AF678CB3A122D4293092DB /* [CP] Check Pods Manifest.lock */ = {
			isa = PBXShellScriptBuildPhase;
			buildActionMask = 2147483647;
			files = (
			);
			inputFileListPaths = (
			);
			inputPaths = (
				"${PODS_PODFILE_DIR_PATH}/Podfile.lock",
				"${PODS_ROOT}/Manifest.lock",
			);
			name = "[CP] Check Pods Manifest.lock";
			outputFileListPaths = (
			);
			outputPaths = (
				"$(DERIVED_FILE_DIR)/Pods-FootballCampsTests-checkManifestLockResult.txt",
			);
			runOnlyForDeploymentPostprocessing = 0;
			shellPath = /bin/sh;
			shellScript = "diff \"${PODS_PODFILE_DIR_PATH}/Podfile.lock\" \"${PODS_ROOT}/Manifest.lock\" > /dev/null\nif [ $? != 0 ] ; then\n    # print error to STDERR\n    echo \"error: The sandbox is not in sync with the Podfile.lock. Run 'pod install' or update your CocoaPods installation.\" >&2\n    exit 1\nfi\n# This output is used by Xcode 'outputs' to avoid re-running this script phase.\necho \"SUCCESS\" > \"${SCRIPT_OUTPUT_FILE_0}\"\n";
			showEnvVarsInLog = 0;
		};
		6C7AEE4C1E12371679A539D7 /* [CP] Embed Pods Frameworks */ = {
			isa = PBXShellScriptBuildPhase;
			buildActionMask = 2147483647;
			files = (
			);
			inputFileListPaths = (
				"${PODS_ROOT}/Target Support Files/Pods-FootballCamps/Pods-FootballCamps-frameworks-${CONFIGURATION}-input-files.xcfilelist",
			);
			name = "[CP] Embed Pods Frameworks";
			outputFileListPaths = (
				"${PODS_ROOT}/Target Support Files/Pods-FootballCamps/Pods-FootballCamps-frameworks-${CONFIGURATION}-output-files.xcfilelist",
			);
			runOnlyForDeploymentPostprocessing = 0;
			shellPath = /bin/sh;
			shellScript = "\"${PODS_ROOT}/Target Support Files/Pods-FootballCamps/Pods-FootballCamps-frameworks.sh\"\n";
			showEnvVarsInLog = 0;
		};
		85425933DA43B29ADF5731D3 /* [CP] Check Pods Manifest.lock */ = {
			isa = PBXShellScriptBuildPhase;
			buildActionMask = 2147483647;
			files = (
			);
			inputFileListPaths = (
			);
			inputPaths = (
				"${PODS_PODFILE_DIR_PATH}/Podfile.lock",
				"${PODS_ROOT}/Manifest.lock",
			);
			name = "[CP] Check Pods Manifest.lock";
			outputFileListPaths = (
			);
			outputPaths = (
				"$(DERIVED_FILE_DIR)/Pods-FootballCamps-checkManifestLockResult.txt",
			);
			runOnlyForDeploymentPostprocessing = 0;
			shellPath = /bin/sh;
			shellScript = "diff \"${PODS_PODFILE_DIR_PATH}/Podfile.lock\" \"${PODS_ROOT}/Manifest.lock\" > /dev/null\nif [ $? != 0 ] ; then\n    # print error to STDERR\n    echo \"error: The sandbox is not in sync with the Podfile.lock. Run 'pod install' or update your CocoaPods installation.\" >&2\n    exit 1\nfi\n# This output is used by Xcode 'outputs' to avoid re-running this script phase.\necho \"SUCCESS\" > \"${SCRIPT_OUTPUT_FILE_0}\"\n";
			showEnvVarsInLog = 0;
		};
/* End PBXShellScriptBuildPhase section */

/* Begin PBXSourcesBuildPhase section */
		E493B9142351D53300DE83A6 /* Sources */ = {
			isa = PBXSourcesBuildPhase;
			buildActionMask = 2147483647;
			files = (
				E421348C2351F68500FA0BFD /* Club.swift in Sources */,
				E4FA02AC23521BD7007F0785 /* MainCoordinator.swift in Sources */,
				E42134852351E50300FA0BFD /* Providers.swift in Sources */,
				E421349223520A1100FA0BFD /* ClubViewModel.swift in Sources */,
				E42134872351E50300FA0BFD /* APIResult.swift in Sources */,
				E42134862351E50300FA0BFD /* ClubService.swift in Sources */,
				E4FA029B23521239007F0785 /* ClubManager.swift in Sources */,
				E4FA02A823521BA1007F0785 /* Coordinator.swift in Sources */,
				E4FA02B023522CE4007F0785 /* Helper.swift in Sources */,
				E4FA02AA23521BBD007F0785 /* Storyboarded.swift in Sources */,
				E493B9202351D53300DE83A6 /* ClubListViewController.swift in Sources */,
				E493B93E2351DB6800DE83A6 /* ClubDetailsViewController.swift in Sources */,
				E48861B82351F90C0064F80D /* Reusable.swift in Sources */,
				E493B91C2351D53300DE83A6 /* AppDelegate.swift in Sources */,
				E42134832351E50300FA0BFD /* RequestManager.swift in Sources */,
				E42134842351E50300FA0BFD /* Constants.swift in Sources */,
				E42134772351E09C00FA0BFD /* ClubTableViewCell.swift in Sources */,
				E493B91E2351D53300DE83A6 /* SceneDelegate.swift in Sources */,
				E4FA02A32352180D007F0785 /* Extension+UIViewController.swift in Sources */,
				E48861B62351F8070064F80D /* Extension+UITableViewCell.swift in Sources */,
				E4FA02A123521786007F0785 /* Extension+UIImage.swift in Sources */,
			);
			runOnlyForDeploymentPostprocessing = 0;
		};
		E493B92A2351D53600DE83A6 /* Sources */ = {
			isa = PBXSourcesBuildPhase;
			buildActionMask = 2147483647;
			files = (
				E493B9332351D53600DE83A6 /* FootballCampsTests.swift in Sources */,
			);
			runOnlyForDeploymentPostprocessing = 0;
		};
/* End PBXSourcesBuildPhase section */

/* Begin PBXTargetDependency section */
		E493B9302351D53600DE83A6 /* PBXTargetDependency */ = {
			isa = PBXTargetDependency;
			target = E493B9172351D53300DE83A6 /* FootballCamps */;
			targetProxy = E493B92F2351D53600DE83A6 /* PBXContainerItemProxy */;
		};
/* End PBXTargetDependency section */

/* Begin PBXVariantGroup section */
		E493B9212351D53300DE83A6 /* Main.storyboard */ = {
			isa = PBXVariantGroup;
			children = (
				E493B9222351D53300DE83A6 /* Base */,
			);
			name = Main.storyboard;
			sourceTree = "<group>";
		};
		E493B9262351D53600DE83A6 /* LaunchScreen.storyboard */ = {
			isa = PBXVariantGroup;
			children = (
				E493B9272351D53600DE83A6 /* Base */,
			);
			name = LaunchScreen.storyboard;
			sourceTree = "<group>";
		};
/* End PBXVariantGroup section */

/* Begin XCBuildConfiguration section */
		E493B9352351D53600DE83A6 /* Debug */ = {
			isa = XCBuildConfiguration;
			buildSettings = {
				ALWAYS_SEARCH_USER_PATHS = NO;
				CLANG_ANALYZER_NONNULL = YES;
				CLANG_ANALYZER_NUMBER_OBJECT_CONVERSION = YES_AGGRESSIVE;
				CLANG_CXX_LANGUAGE_STANDARD = "gnu++14";
				CLANG_CXX_LIBRARY = "libc++";
				CLANG_ENABLE_MODULES = YES;
				CLANG_ENABLE_OBJC_ARC = YES;
				CLANG_ENABLE_OBJC_WEAK = YES;
				CLANG_WARN_BLOCK_CAPTURE_AUTORELEASING = YES;
				CLANG_WARN_BOOL_CONVERSION = YES;
				CLANG_WARN_COMMA = YES;
				CLANG_WARN_CONSTANT_CONVERSION = YES;
				CLANG_WARN_DEPRECATED_OBJC_IMPLEMENTATIONS = YES;
				CLANG_WARN_DIRECT_OBJC_ISA_USAGE = YES_ERROR;
				CLANG_WARN_DOCUMENTATION_COMMENTS = YES;
				CLANG_WARN_EMPTY_BODY = YES;
				CLANG_WARN_ENUM_CONVERSION = YES;
				CLANG_WARN_INFINITE_RECURSION = YES;
				CLANG_WARN_INT_CONVERSION = YES;
				CLANG_WARN_NON_LITERAL_NULL_CONVERSION = YES;
				CLANG_WARN_OBJC_IMPLICIT_RETAIN_SELF = YES;
				CLANG_WARN_OBJC_LITERAL_CONVERSION = YES;
				CLANG_WARN_OBJC_ROOT_CLASS = YES_ERROR;
				CLANG_WARN_RANGE_LOOP_ANALYSIS = YES;
				CLANG_WARN_STRICT_PROTOTYPES = YES;
				CLANG_WARN_SUSPICIOUS_MOVE = YES;
				CLANG_WARN_UNGUARDED_AVAILABILITY = YES_AGGRESSIVE;
				CLANG_WARN_UNREACHABLE_CODE = YES;
				CLANG_WARN__DUPLICATE_METHOD_MATCH = YES;
				COPY_PHASE_STRIP = NO;
				DEBUG_INFORMATION_FORMAT = dwarf;
				ENABLE_STRICT_OBJC_MSGSEND = YES;
				ENABLE_TESTABILITY = YES;
				GCC_C_LANGUAGE_STANDARD = gnu11;
				GCC_DYNAMIC_NO_PIC = NO;
				GCC_NO_COMMON_BLOCKS = YES;
				GCC_OPTIMIZATION_LEVEL = 0;
				GCC_PREPROCESSOR_DEFINITIONS = (
					"DEBUG=1",
					"$(inherited)",
				);
				GCC_WARN_64_TO_32_BIT_CONVERSION = YES;
				GCC_WARN_ABOUT_RETURN_TYPE = YES_ERROR;
				GCC_WARN_UNDECLARED_SELECTOR = YES;
				GCC_WARN_UNINITIALIZED_AUTOS = YES_AGGRESSIVE;
				GCC_WARN_UNUSED_FUNCTION = YES;
				GCC_WARN_UNUSED_VARIABLE = YES;
				IPHONEOS_DEPLOYMENT_TARGET = 13.1;
				MTL_ENABLE_DEBUG_INFO = INCLUDE_SOURCE;
				MTL_FAST_MATH = YES;
				ONLY_ACTIVE_ARCH = YES;
				SDKROOT = iphoneos;
				SWIFT_ACTIVE_COMPILATION_CONDITIONS = DEBUG;
				SWIFT_OPTIMIZATION_LEVEL = "-Onone";
			};
			name = Debug;
		};
		E493B9362351D53600DE83A6 /* Release */ = {
			isa = XCBuildConfiguration;
			buildSettings = {
				ALWAYS_SEARCH_USER_PATHS = NO;
				CLANG_ANALYZER_NONNULL = YES;
				CLANG_ANALYZER_NUMBER_OBJECT_CONVERSION = YES_AGGRESSIVE;
				CLANG_CXX_LANGUAGE_STANDARD = "gnu++14";
				CLANG_CXX_LIBRARY = "libc++";
				CLANG_ENABLE_MODULES = YES;
				CLANG_ENABLE_OBJC_ARC = YES;
				CLANG_ENABLE_OBJC_WEAK = YES;
				CLANG_WARN_BLOCK_CAPTURE_AUTORELEASING = YES;
				CLANG_WARN_BOOL_CONVERSION = YES;
				CLANG_WARN_COMMA = YES;
				CLANG_WARN_CONSTANT_CONVERSION = YES;
				CLANG_WARN_DEPRECATED_OBJC_IMPLEMENTATIONS = YES;
				CLANG_WARN_DIRECT_OBJC_ISA_USAGE = YES_ERROR;
				CLANG_WARN_DOCUMENTATION_COMMENTS = YES;
				CLANG_WARN_EMPTY_BODY = YES;
				CLANG_WARN_ENUM_CONVERSION = YES;
				CLANG_WARN_INFINITE_RECURSION = YES;
				CLANG_WARN_INT_CONVERSION = YES;
				CLANG_WARN_NON_LITERAL_NULL_CONVERSION = YES;
				CLANG_WARN_OBJC_IMPLICIT_RETAIN_SELF = YES;
				CLANG_WARN_OBJC_LITERAL_CONVERSION = YES;
				CLANG_WARN_OBJC_ROOT_CLASS = YES_ERROR;
				CLANG_WARN_RANGE_LOOP_ANALYSIS = YES;
				CLANG_WARN_STRICT_PROTOTYPES = YES;
				CLANG_WARN_SUSPICIOUS_MOVE = YES;
				CLANG_WARN_UNGUARDED_AVAILABILITY = YES_AGGRESSIVE;
				CLANG_WARN_UNREACHABLE_CODE = YES;
				CLANG_WARN__DUPLICATE_METHOD_MATCH = YES;
				COPY_PHASE_STRIP = NO;
				DEBUG_INFORMATION_FORMAT = "dwarf-with-dsym";
				ENABLE_NS_ASSERTIONS = NO;
				ENABLE_STRICT_OBJC_MSGSEND = YES;
				GCC_C_LANGUAGE_STANDARD = gnu11;
				GCC_NO_COMMON_BLOCKS = YES;
				GCC_WARN_64_TO_32_BIT_CONVERSION = YES;
				GCC_WARN_ABOUT_RETURN_TYPE = YES_ERROR;
				GCC_WARN_UNDECLARED_SELECTOR = YES;
				GCC_WARN_UNINITIALIZED_AUTOS = YES_AGGRESSIVE;
				GCC_WARN_UNUSED_FUNCTION = YES;
				GCC_WARN_UNUSED_VARIABLE = YES;
				IPHONEOS_DEPLOYMENT_TARGET = 13.1;
				MTL_ENABLE_DEBUG_INFO = NO;
				MTL_FAST_MATH = YES;
				SDKROOT = iphoneos;
				SWIFT_COMPILATION_MODE = wholemodule;
				SWIFT_OPTIMIZATION_LEVEL = "-O";
				VALIDATE_PRODUCT = YES;
			};
			name = Release;
		};
		E493B9382351D53600DE83A6 /* Debug */ = {
			isa = XCBuildConfiguration;
			baseConfigurationReference = 07AD80AA0D70C0190F1B19DF /* Pods-FootballCamps.debug.xcconfig */;
			buildSettings = {
				ASSETCATALOG_COMPILER_APPICON_NAME = AppIcon;
				CODE_SIGN_STYLE = Automatic;
				INFOPLIST_FILE = FootballCamps/Info.plist;
				LD_RUNPATH_SEARCH_PATHS = (
					"$(inherited)",
					"@executable_path/Frameworks",
				);
				PRODUCT_BUNDLE_IDENTIFIER = com..FootballCamps;
				PRODUCT_NAME = "$(TARGET_NAME)";
				SWIFT_VERSION = 5.0;
				TARGETED_DEVICE_FAMILY = 1;
			};
			name = Debug;
		};
		E493B9392351D53600DE83A6 /* Release */ = {
			isa = XCBuildConfiguration;
			baseConfigurationReference = 4C5878FCE4AD6850C9FD738C /* Pods-FootballCamps.release.xcconfig */;
			buildSettings = {
				ASSETCATALOG_COMPILER_APPICON_NAME = AppIcon;
				CODE_SIGN_STYLE = Automatic;
				INFOPLIST_FILE = FootballCamps/Info.plist;
				LD_RUNPATH_SEARCH_PATHS = (
					"$(inherited)",
					"@executable_path/Frameworks",
				);
				PRODUCT_BUNDLE_IDENTIFIER = com..FootballCamps;
				PRODUCT_NAME = "$(TARGET_NAME)";
				SWIFT_VERSION = 5.0;
				TARGETED_DEVICE_FAMILY = 1;
			};
			name = Release;
		};
		E493B93B2351D53600DE83A6 /* Debug */ = {
			isa = XCBuildConfiguration;
			baseConfigurationReference = 63BD34257719DC549D85BD07 /* Pods-FootballCampsTests.debug.xcconfig */;
			buildSettings = {
				ALWAYS_EMBED_SWIFT_STANDARD_LIBRARIES = YES;
				BUNDLE_LOADER = "$(TEST_HOST)";
				CODE_SIGN_STYLE = Automatic;
				INFOPLIST_FILE = FootballCampsTests/Info.plist;
				IPHONEOS_DEPLOYMENT_TARGET = 13.1;
				LD_RUNPATH_SEARCH_PATHS = (
					"$(inherited)",
					"@executable_path/Frameworks",
					"@loader_path/Frameworks",
				);
				PRODUCT_BUNDLE_IDENTIFIER = com..FootballCampsTests;
				PRODUCT_NAME = "$(TARGET_NAME)";
				SWIFT_VERSION = 5.0;
				TARGETED_DEVICE_FAMILY = "1,2";
				TEST_HOST = "$(BUILT_PRODUCTS_DIR)/FootballCamps.app/FootballCamps";
			};
			name = Debug;
		};
		E493B93C2351D53600DE83A6 /* Release */ = {
			isa = XCBuildConfiguration;
			baseConfigurationReference = 87C655404C9A57FC82A3D017 /* Pods-FootballCampsTests.release.xcconfig */;
			buildSettings = {
				ALWAYS_EMBED_SWIFT_STANDARD_LIBRARIES = YES;
				BUNDLE_LOADER = "$(TEST_HOST)";
				CODE_SIGN_STYLE = Automatic;
				INFOPLIST_FILE = FootballCampsTests/Info.plist;
				IPHONEOS_DEPLOYMENT_TARGET = 13.1;
				LD_RUNPATH_SEARCH_PATHS = (
					"$(inherited)",
					"@executable_path/Frameworks",
					"@loader_path/Frameworks",
				);
				PRODUCT_BUNDLE_IDENTIFIER = com..FootballCampsTests;
				PRODUCT_NAME = "$(TARGET_NAME)";
				SWIFT_VERSION = 5.0;
				TARGETED_DEVICE_FAMILY = "1,2";
				TEST_HOST = "$(BUILT_PRODUCTS_DIR)/FootballCamps.app/FootballCamps";
			};
			name = Release;
		};
/* End XCBuildConfiguration section */

/* Begin XCConfigurationList section */
		E493B9132351D53300DE83A6 /* Build configuration list for PBXProject "FootballCamps" */ = {
			isa = XCConfigurationList;
			buildConfigurations = (
				E493B9352351D53600DE83A6 /* Debug */,
				E493B9362351D53600DE83A6 /* Release */,
			);
			defaultConfigurationIsVisible = 0;
			defaultConfigurationName = Release;
		};
		E493B9372351D53600DE83A6 /* Build configuration list for PBXNativeTarget "FootballCamps" */ = {
			isa = XCConfigurationList;
			buildConfigurations = (
				E493B9382351D53600DE83A6 /* Debug */,
				E493B9392351D53600DE83A6 /* Release */,
			);
			defaultConfigurationIsVisible = 0;
			defaultConfigurationName = Release;
		};
		E493B93A2351D53600DE83A6 /* Build configuration list for PBXNativeTarget "FootballCampsTests" */ = {
			isa = XCConfigurationList;
			buildConfigurations = (
				E493B93B2351D53600DE83A6 /* Debug */,
				E493B93C2351D53600DE83A6 /* Release */,
			);
			defaultConfigurationIsVisible = 0;
			defaultConfigurationName = Release;
		};
/* End XCConfigurationList section */
	};
	rootObject = E493B9102351D53300DE83A6 /* Project object */;
}
